[1mdiff --git a/apps/web/next.config.ts b/apps/web/next.config.ts[m
[1mindex b3e2a87..9002062 100644[m
[1m--- a/apps/web/next.config.ts[m
[1m+++ b/apps/web/next.config.ts[m
[36m@@ -1,7 +1,7 @@[m
 import type { NextConfig } from "next";[m
 [m
 const nextConfig: NextConfig = {[m
[31m-  turbopack: {}, // penting untuk Next 16[m
[32m+[m[32m  turbopack: {}, // WAJIB untuk Next 16 di Vercel[m
 };[m
 [m
 export default nextConfig;[m
[1mdiff --git a/apps/web/package-lock.json b/apps/web/package-lock.json[m
[1mindex 0d67cc2..3bf1265 100644[m
[1m--- a/apps/web/package-lock.json[m
[1m+++ b/apps/web/package-lock.json[m
[36m@@ -1528,9 +1528,9 @@[m
       }[m
     },[m
     "node_modules/@tybys/wasm-util": {[m
[31m-      "version": "0.10.1",[m
[31m-      "resolved": "https://registry.npmjs.org/@tybys/wasm-util/-/wasm-util-0.10.1.tgz",[m
[31m-      "integrity": "sha512-9tTaPJLSiejZKx+Bmog4uSubteqTvFrVrURwkmHixBo0G4seD0zUxp98E1DzUBJxLQ3NPwXrGKDiVjwx/DpPsg==",[m
[32m+[m[32m      "version": "0.10.2",[m
[32m+[m[32m      "resolved": "https://registry.npmjs.org/@tybys/wasm-util/-/wasm-util-0.10.2.tgz",[m
[32m+[m[32m      "integrity": "sha512-RoBvJ2X0wuKlWFIjrwffGw1IqZHKQqzIchKaadZZfnNpsAYp2mM0h36JtPCjNDAHGgYez/15uMBpfGwchhiMgg==",[m
       "dev": true,[m
       "license": "MIT",[m
       "optional": true,[m
[36m@@ -1590,17 +1590,17 @@[m
       }[m
     },[m
     "node_modules/@typescript-eslint/eslint-plugin": {[m
[31m-      "version": "8.59.1",[m
[31m-      "resolved": "https://registry.npmjs.org/@typescript-eslint/eslint-plugin/-/eslint-plugin-8.59.1.tgz",[m
[31m-      "integrity": "sha512-BOziFIfE+6osHO9FoJG4zjoHUcvI7fTNBSpdAwrNH0/TLvzjsk2oo8XSSOT2HhqUyhZPfHv4UOffoJ9oEEQ7Ag==",[m
[32m+[m[32m      "version": "8.59.2",[m
[32m+[m[32m      "resolved": "https://registry.npmjs.org/@typescript-eslint/eslint-plugin/-/eslint-plugin-8.59.2.tgz",[m
[32m+[m[32m      "integrity": "sha512-j/bwmkBvHUtPNxzuWe5z6BEk3q54YRyGlBXkSsmfoih7zNrBvl5A9A98anlp/7JbyZcWIJ8KXo/3Tq/DjFLtuQ==",[m
       "dev": true,[m
       "license": "MIT",[m
       "dependencies": {[m
         "@eslint-community/regexpp": "^4.12.2",[m
[31m-        "@typescript-eslint/scope-manager": "8.59.1",[m
[31m-        "@typescript-eslint/type-utils": "8.59.1",[m
[31m-        "@typescript-eslint/utils": "8.59.1",[m
[31m-        "@typescript-eslint/visitor-keys": "8.59.1",[m
[32m+[m[32m        "@typescript-eslint/scope-manager": "8.59.2",[m
[32m+[m[32m        "@typescript-eslint/type-utils": "8.59.2",[m
[32m+[m[32m        "@typescript-eslint/utils": "8.59.2",[m
[32m+[m[32m        "@typescript-eslint/visitor-keys": "8.59.2",[m
         "ignore": "^7.0.5",[m
         "natural-compare": "^1.4.0",[m
         "ts-api-utils": "^2.5.0"[m
[36m@@ -1613,7 +1613,7 @@[m
         "url": "https://opencollective.com/typescript-eslint"[m
       },[m
       "peerDependencies": {[m
[31m-        "@typescript-eslint/parser": "^8.59.1",[m
[32m+[m[32m        "@typescript-eslint/parser": "^8.59.2",[m
         "eslint": "^8.57.0 || ^9.0.0 || ^10.0.0",[m
         "typescript": ">=4.8.4 <6.1.0"[m
       }[m
[36m@@ -1629,16 +1629,16 @@[m
       }[m
     },[m
     "node_modules/@typescript-eslint/parser": {[m
[31m-      "version": "8.59.1",[m
[31m-      "resolved": "https://registry.npmjs.org/@typescript-eslint/parser/-/parser-8.59.1.tgz",[m
[31m-      "integrity": "sha512-HDQH9O/47Dxi1ceDhBXdaldtf/WV9yRYMjbjCuNk3qnaTD564qwv61Y7+gTxwxRKzSrgO5uhtw584igXVuuZkA==",[m
[32m+[m[32m      "version": "8.59.2",[m
[32m+[m[32m      "resolved": "https://registry.npmjs.org/@typescript-eslint/parser/-/parser-8.59.2.tgz",[m
[32m+[m[32m      "integrity": "sha512-plR3pp6D+SSUn1HM7xvSkx12/DhoHInI2YF35KAcVFNZvlC0gtrWqx7Qq1oH2Ssgi0vlFRCTbP+DZc7B9+TtsQ==",[m
       "dev": true,[m
       "license": "MIT",[m
       "dependencies": {[m
[31m-        "@typescript-eslint/scope-manager": "8.59.1",[m
[31m-        "@typescript-eslint/types": "8.59.1",[m
[31m-        "@typescript-eslint/typescript-estree": "8.59.1",[m
[31m-        "@typescript-eslint/visitor-keys": "8.59.1",[m
[32m+[m[32m        "@typescript-eslint/scope-manager": "8.59.2",[m
[32m+[m[32m        "@typescript-eslint/types": "8.59.2",[m
[32m+[m[32m        "@typescript-eslint/typescript-estree": "8.59.2",[m
[32m+[m[32m        "@typescript-eslint/visitor-keys": "8.59.2",[m
         "debug": "^4.4.3"[m
       },[m
       "engines": {[m
[36m@@ -1654,14 +1654,14 @@[m
       }[m
     },[m
     "node_modules/@typescript-eslint/project-service": {[m
[31m-      "version": "8.59.1",[m
[31m-      "resolved": "https://registry.npmjs.org/@typescript-eslint/project-service/-/project-service-8.59.1.tgz",[m
[31m-      "integrity": "sha512-+MuHQlHiEr00Of/IQbE/MmEoi44znZHbR/Pz7Opq4HryUOlRi+/44dro9Ycy8Fyo+/024IWtw8m4JUMCGTYxDg==",[m
[32m+[m[32m      "version": "8.59.2",[m
[32m+[m[32m      "resolved": "https://registry.npmjs.org/@typescript-eslint/project-service/-/project-service-8.59.2.tgz",[m
[32m+[m[32m      "integrity": "sha512-+2hqvEkeyf/0FBor67duF0Ll7Ot8jyKzDQOSrxazF/danillRq2DwR9dLptsXpoZQqxE1UisSmoZewrlPas9Vw==",[m
       "dev": true,[m
       "license": "MIT",[m
       "dependencies": {[m
[31m-        "@typescript-eslint/tsconfig-utils": "^8.59.1",[m
[31m-        "@typescript-eslint/types": "^8.59.1",[m
[32m+[m[32m        "@typescript-eslint/tsconfig-utils": "^8.59.2",[m
[32m+[m[32m        "@typescript-eslint/types": "^8.59.2",[m
         "debug": "^4.4.3"[m
       },[m
       "engines": {[m
[36m@@ -1676,14 +1676,14 @@[m
       }[m
     },[m
     "node_modules/@typescript-eslint/scope-manager": {[m
[31m-      "version": "8.59.1",[m
[31m-      "resolved": "https://registry.npmjs.org/@typescript-eslint/scope-manager/-/scope-manager-8.59.1.tgz",[m
[31m-      "integrity": "sha512-LwuHQI4pDOYVKvmH2dkaJo6YZCSgouVgnS/z7yBPKBMvgtBvyLqiLy9Z6b7+m/TRcX1NFYUqZetI5Y+aT4GEfg==",[m
[32m+[m[32m      "version": "8.59.2",[m
[32m+[m[32m      "resolved": "https://registry.npmjs.org/@typescript-eslint/scope-manager/-/scope-manager-8.59.2.tgz",[m
[32m+[m[32m      "integrity": "sha512-JzfyEpEtOU89CcFSwyNS3mu4MLvLSXqnmX05+aKBDM+TdR5jzcGOEBwxwGNxrEQ7p/z6kK2WyioCGBf2zZBnvg==",[m
       "dev": true,[m
       "license": "MIT",[m
       "dependencies": {[m
[31m-        "@typescript-eslint/types": "8.59.1",[m
[31m-        "@typescript-eslint/visitor-keys": "8.59.1"[m
[32m+[m[32m        "@typescript-eslint/types": "8.59.2",[m
[32m+[m[32m        "@typescript-eslint/visitor-keys": "8.59.2"[m
       },[m
       "engines": {[m
         "node": "^18.18.0 || ^20.9.0 || >=21.1.0"[m
[36m@@ -1694,9 +1694,9 @@[m
       }[m
     },[m
     "node_modules/@typescript-eslint/tsconfig-utils": {[m
[31m-      "version": "8.59.1",[m
[31m-      "resolved": "https://registry.npmjs.org/@typescript-eslint/tsconfig-utils/-/tsconfig-utils-8.59.1.tgz",[m
[31m-      "integrity": "sha512-/0nEyPbX7gRsk0Uwfe4ALwwgxuA66d/l2mhRDNlAvaj4U3juhUtJNq0DsY8M2AYwwb9rEq2hrC3IcIcEt++iJA==",[m
[32m+[m[32m      "version": "8.59.2",[m
[32m+[m[32m      "resolved": "https://registry.npmjs.org/@typescript-eslint/tsconfig-utils/-/tsconfig-utils-8.59.2.tgz",[m
[32m+[m[32m      "integrity": "sha512-BKK4alN7oi4C/zv4VqHQ+uRU+lTa6JGIZ7s1juw7b3RHo9OfKB+bKX3u0iVZetdsUCBBkSbdWbarJbmN0fTeSw==",[m
       "dev": true,[m
       "license": "MIT",[m
       "engines": {[m
[36m@@ -1711,15 +1711,15 @@[m
       }[m
     },[m
     "node_modules/@typescript-eslint/type-utils": {[m
[31m-      "version": "8.59.1",[m
[31m-      "resolved": "https://registry.npmjs.org/@typescript-eslint/type-utils/-/type-utils-8.59.1.tgz",[m
[31m-      "integrity": "sha512-klWPBR2ciQHS3f++ug/mVnWKPjBUo7icEL3FAO1lhAR1Z1i5NQYZ1EannMSRYcq5qCv5wNALlXr6fksRHyYl7w==",[m
[32m+[m[32m      "version": "8.59.2",[m
[32m+[m[32m      "resolved": "https://registry.npmjs.org/@typescript-eslint/type-utils/-/type-utils-8.59.2.tgz",[m
[32m+[m[32m      "integrity": "sha512-nhqaj1nmTdVVl/BP5omXNRGO38jn5iosis2vbdmupF2txCf8ylWT8lx+JlvMYYVqzGVKtjojUFoQ3JRWK